
Microsoft Visual Studio Solution File, Format Version 12.00
# Visual Studio Version 17
VisualStudioVersion = 17.11.35327.3
MinimumVisualStudioVersion = 10.0.40219.1
Project("{9A19103F-16F7-4668-BE54-9A1E7A4F7556}") = "Buoi2", "Buoi2\Buoi2.csproj", "{75BAA41B-D68B-41FB-8D21-7511D7795098}"
EndProject
Project("{9A19103F-16F7-4668-BE54-9A1E7A4F7556}") = "Buoi3", "Buoi3\Buoi3.csproj", "{8569A366-A9BF-4BBD-8BCF-E780B80FF9A1}"
EndProject
Project("{9A19103F-16F7-4668-BE54-9A1E7A4F7556}") = "Buoi4", "Buoi4\Buoi4.csproj", "{6FAA7F94-2E74-4AFD-8749-778AB040FFC1}"
EndProject
Project("{9A19103F-16F7-4668-BE54-9A1E7A4F7556}") = "Buoi5", "Buoi5\Buoi5.csproj", "{A672E5E8-B53F-49F3-84EA-59BA0EB46B1D}"
EndProject
Project("{9A19103F-16F7-4668-BE54-9A1E7A4F7556}") = "Buoi6", "Buoi6\Buoi6.csproj", "{996A8C86-C22F-43B8-A9C8-31E283F6EEEA}"
EndProject
Project("{FAE04EC0-301F-11D3-BF4B-00C04F79EFBC}") = "Buoi7", "Buoi7\Buoi7.csproj", "{1FDB41A8-A27A-41FA-BBE0-5F7B81E93421}"
EndProject
Project("{FAE04EC0-301F-11D3-BF4B-00C04F79EFBC}") = "Buoi7_1", "Buoi7_1\Buoi7_1.csproj", "{D794127C-FDE0-42F6-B73C-883F8B2A0533}"
EndProject
Global
	GlobalSection(SolutionConfigurationPlatforms) = preSolution
		Debug|Any CPU = Debug|Any CPU
		Release|Any CPU = Release|Any CPU
	EndGlobalSection
	GlobalSection(ProjectConfigurationPlatforms) = postSolution
		{75BAA41B-D68B-41FB-8D21-7511D7795098}.Debug|Any CPU.ActiveCfg = Debug|Any CPU
		{75BAA41B-D68B-41FB-8D21-7511D7795098}.Debug|Any CPU.Build.0 = Debug|Any CPU
		{75BAA41B-D68B-41FB-8D21-7511D7795098}.Release|Any CPU.ActiveCfg = Release|Any CPU
		{75BAA41B-D68B-41FB-8D21-7511D7795098}.Release|Any CPU.Build.0 = Release|Any CPU
		{8569A366-A9BF-4BBD-8BCF-E780B80FF9A1}.Debug|Any CPU.ActiveCfg = Debug|Any CPU
		{8569A366-A9BF-4BBD-8BCF-E780B80FF9A1}.Debug|Any CPU.Build.0 = Debug|Any CPU
		{8569A366-A9BF-4BBD-8BCF-E780B80FF9A1}.Release|Any CPU.ActiveCfg = Release|Any CPU
		{8569A366-A9BF-4BBD-8BCF-E780B80FF9A1}.Release|Any CPU.Build.0 = Release|Any CPU
		{6FAA7F94-2E74-4AFD-8749-778AB040FFC1}.Debug|Any CPU.ActiveCfg = Debug|Any CPU
		{6FAA7F94-2E74-4AFD-8749-778AB040FFC1}.Debug|Any CPU.Build.0 = Debug|Any CPU
		{6FAA7F94-2E74-4AFD-8749-778AB040FFC1}.Release|Any CPU.ActiveCfg = Release|Any CPU
		{6FAA7F94-2E74-4AFD-8749-778AB040FFC1}.Release|Any CPU.Build.0 = Release|Any CPU
		{A672E5E8-B53F-49F3-84EA-59BA0EB46B1D}.Debug|Any CPU.ActiveCfg = Debug|Any CPU
		{A672E5E8-B53F-49F3-84EA-59BA0EB46B1D}.Debug|Any CPU.Build.0 = Debug|Any CPU
		{A672E5E8-B53F-49F3-84EA-59BA0EB46B1D}.Release|Any CPU.ActiveCfg = Release|Any CPU
		{A672E5E8-B53F-49F3-84EA-59BA0EB46B1D}.Release|Any CPU.Build.0 = Release|Any CPU
		{996A8C86-C22F-43B8-A9C8-31E283F6EEEA}.Debug|Any CPU.ActiveCfg = Debug|Any CPU
		{996A8C86-C22F-43B8-A9C8-31E283F6EEEA}.Debug|Any CPU.Build.0 = Debug|Any CPU
		{996A8C86-C22F-43B8-A9C8-31E283F6EEEA}.Release|Any CPU.ActiveCfg = Release|Any CPU
		{996A8C86-C22F-43B8-A9C8-31E283F6EEEA}.Release|Any CPU.Build.0 = Release|Any CPU
		{1FDB41A8-A27A-41FA-BBE0-5F7B81E93421}.Debug|Any CPU.ActiveCfg = Debug|Any CPU
		{1FDB41A8-A27A-41FA-BBE0-5F7B81E93421}.Debug|Any CPU.Build.0 = Debug|Any CPU
		{1FDB41A8-A27A-41FA-BBE0-5F7B81E93421}.Release|Any CPU.ActiveCfg = Release|Any CPU
		{1FDB41A8-A27A-41FA-BBE0-5F7B81E93421}.Release|Any CPU.Build.0 = Release|Any CPU
		{D794127C-FDE0-42F6-B73C-883F8B2A0533}.Debug|Any CPU.ActiveCfg = Debug|Any CPU
		{D794127C-FDE0-42F6-B73C-883F8B2A0533}.Debug|Any CPU.Build.0 = Debug|Any CPU
		{D794127C-FDE0-42F6-B73C-883F8B2A0533}.Release|Any CPU.ActiveCfg = Release|Any CPU
		{D794127C-FDE0-42F6-B73C-883F8B2A0533}.Release|Any CPU.Build.0 = Release|Any CPU
	EndGlobalSection
	GlobalSection(SolutionProperties) = preSolution
		HideSolutionNode = FALSE
	EndGlobalSection
	GlobalSection(ExtensibilityGlobals) = postSolution
		SolutionGuid = {2660C42B-3FF9-4E99-B789-926F3ABB626D}
	EndGlobalSection
EndGlobal
